
Microsoft Visual Studio Solution File, Format Version 12.00
# Visual Studio Version 16
VisualStudioVersion = 16.0.31205.134
MinimumVisualStudioVersion = 10.0.40219.1
Project("{FAE04EC0-301F-11D3-BF4B-00C04F79EFBC}") = "BinarySearchTree", "BinarySearchTree\BinarySearchTree.csproj", "{DE2FED34-934B-4029-9D27-CDA66656457C}"
EndProject
Global
	GlobalSection(SolutionConfigurationPlatforms) = preSolution
		Debug|Any CPU = Debug|Any CPU
		Release|Any CPU = Release|Any CPU
	EndGlobalSection
	GlobalSection(ProjectConfigurationPlatforms) = postSolution
		{DE2FED34-934B-4029-9D27-CDA66656457C}.Debug|Any CPU.ActiveCfg = Debug|Any CPU
		{DE2FED34-934B-4029-9D27-CDA66656457C}.Debug|Any CPU.Build.0 = Debug|Any CPU
		{DE2FED34-934B-4029-9D27-CDA66656457C}.Release|Any CPU.ActiveCfg = Release|Any CPU
		{DE2FED34-934B-4029-9D27-CDA66656457C}.Release|Any CPU.Build.0 = Release|Any CPU
	EndGlobalSection
	GlobalSection(SolutionProperties) = preSolution
		HideSolutionNode = FALSE
	EndGlobalSection
	GlobalSection(ExtensibilityGlobals) = postSolution
		SolutionGuid = {1C704529-2FAC-49B4-9712-AE7A9BE849E2}
	EndGlobalSection
EndGlobal
